// !$*UTF8*$!
{
	archiveVersion = 1;
	classes = {
	};
	objectVersion = 46;
	objects = {

/* Begin PBXBuildFile section */
		15010C071F91588E00644F76 /* JokeTableViewCell.swift in Sources */ = {isa = PBXBuildFile; fileRef = 15010C061F91588E00644F76 /* JokeTableViewCell.swift */; };
		1511DE9E1F8D64D40079DDF0 /* JokePersistenceService.swift in Sources */ = {isa = PBXBuildFile; fileRef = 1511DE9D1F8D64D40079DDF0 /* JokePersistenceService.swift */; };
		1511DEA11F8E72710079DDF0 /* StatusAPIItem.swift in Sources */ = {isa = PBXBuildFile; fileRef = 1511DEA01F8E72710079DDF0 /* StatusAPIItem.swift */; };
		1512243D1F8D535B00734FB1 /* ApiResource.swift in Sources */ = {isa = PBXBuildFile; fileRef = 1512243C1F8D535B00734FB1 /* ApiResource.swift */; };
		1512243F1F8D53C500734FB1 /* AppConstants.swift in Sources */ = {isa = PBXBuildFile; fileRef = 1512243E1F8D53C500734FB1 /* AppConstants.swift */; };
		151224411F8D544800734FB1 /* NetworkRequest.swift in Sources */ = {isa = PBXBuildFile; fileRef = 151224401F8D544800734FB1 /* NetworkRequest.swift */; };
		151224451F8D55DA00734FB1 /* Resources.swift in Sources */ = {isa = PBXBuildFile; fileRef = 151224441F8D55DA00734FB1 /* Resources.swift */; };
		152BD0FF1F8D387900B734ED /* CoreDataStack.swift in Sources */ = {isa = PBXBuildFile; fileRef = 152BD0FE1F8D387900B734ED /* CoreDataStack.swift */; };
		152BD1021F8D40F500B734ED /* NerdJokes.xcdatamodeld in Sources */ = {isa = PBXBuildFile; fileRef = 152BD1001F8D40F500B734ED /* NerdJokes.xcdatamodeld */; };
		152BD1041F8D41AD00B734ED /* Joke.swift in Sources */ = {isa = PBXBuildFile; fileRef = 152BD1031F8D41AD00B734ED /* Joke.swift */; };
		152BD1061F8D42C300B734ED /* Trackable.swift in Sources */ = {isa = PBXBuildFile; fileRef = 152BD1051F8D42C300B734ED /* Trackable.swift */; };
		152BD1081F8D439F00B734ED /* JokesMasterViewController.swift in Sources */ = {isa = PBXBuildFile; fileRef = 152BD1071F8D439F00B734ED /* JokesMasterViewController.swift */; };
		152BD10A1F8D448900B734ED /* JokeAPIItem.swift in Sources */ = {isa = PBXBuildFile; fileRef = 152BD1091F8D448900B734ED /* JokeAPIItem.swift */; };
		153947511F950AE400FBDDD2 /* TableViewEnum.swift in Sources */ = {isa = PBXBuildFile; fileRef = 153947501F950AE400FBDDD2 /* TableViewEnum.swift */; };
		153947541F950B9200FBDDD2 /* JokesMasterTableViewEnum.swift in Sources */ = {isa = PBXBuildFile; fileRef = 153947531F950B9200FBDDD2 /* JokesMasterTableViewEnum.swift */; };
		153947561F95198B00FBDDD2 /* JokeTableViewCell.xib in Resources */ = {isa = PBXBuildFile; fileRef = 153947551F95198B00FBDDD2 /* JokeTableViewCell.xib */; };
		153947581F96636500FBDDD2 /* AppearanceManager.swift in Sources */ = {isa = PBXBuildFile; fileRef = 153947571F96636500FBDDD2 /* AppearanceManager.swift */; };
		155FAF811F8EB69A000542F2 /* PersistenceTests.swift in Sources */ = {isa = PBXBuildFile; fileRef = 155FAF801F8EB69A000542F2 /* PersistenceTests.swift */; };
		1568D4951F8FDB3900E7177C /* NetworkTests.swift in Sources */ = {isa = PBXBuildFile; fileRef = 1568D4941F8FDB3900E7177C /* NetworkTests.swift */; };
		1568D49C1F8FE10000E7177C /* single_joke.json in Resources */ = {isa = PBXBuildFile; fileRef = 1568D4961F8FE0DA00E7177C /* single_joke.json */; };
		1568D49D1F8FE10300E7177C /* all_jokes.json in Resources */ = {isa = PBXBuildFile; fileRef = 1568D4981F8FE0EB00E7177C /* all_jokes.json */; };
		1568D49E1F8FE10600E7177C /* status.json in Resources */ = {isa = PBXBuildFile; fileRef = 1568D49A1F8FE0F600E7177C /* status.json */; };
		1568D4A21F8FE15F00E7177C /* TestJokeNetworkRequest.swift in Sources */ = {isa = PBXBuildFile; fileRef = 1568D4A11F8FE15F00E7177C /* TestJokeNetworkRequest.swift */; };
		1568D4A31F8FE64800E7177C /* JokeNetworkService.swift in Sources */ = {isa = PBXBuildFile; fileRef = 1591CD801F8D587B00A92251 /* JokeNetworkService.swift */; };
		1568D4A41F8FE80600E7177C /* ApiResource.swift in Sources */ = {isa = PBXBuildFile; fileRef = 1512243C1F8D535B00734FB1 /* ApiResource.swift */; };
		1568D4A51F8FE81A00E7177C /* Resources.swift in Sources */ = {isa = PBXBuildFile; fileRef = 151224441F8D55DA00734FB1 /* Resources.swift */; };
		1568D4A61F8FE82500E7177C /* AppConstants.swift in Sources */ = {isa = PBXBuildFile; fileRef = 1512243E1F8D53C500734FB1 /* AppConstants.swift */; };
		1568D4A71F8FE86100E7177C /* JokeAPIItem.swift in Sources */ = {isa = PBXBuildFile; fileRef = 152BD1091F8D448900B734ED /* JokeAPIItem.swift */; };
		1568D4A81F8FE86400E7177C /* StatusAPIItem.swift in Sources */ = {isa = PBXBuildFile; fileRef = 1511DEA01F8E72710079DDF0 /* StatusAPIItem.swift */; };
		1568D4AA1F8FE90F00E7177C /* NetworkRequest.swift in Sources */ = {isa = PBXBuildFile; fileRef = 151224401F8D544800734FB1 /* NetworkRequest.swift */; };
		1568D4AB1F8FE93E00E7177C /* JokeNetworkRequest.swift in Sources */ = {isa = PBXBuildFile; fileRef = 1591CD821F8D592400A92251 /* JokeNetworkRequest.swift */; };
		1568D4AC1F8FEB6400E7177C /* single_joke.json in Resources */ = {isa = PBXBuildFile; fileRef = 1568D4961F8FE0DA00E7177C /* single_joke.json */; };
		1568D4AD1F8FEB6400E7177C /* all_jokes.json in Resources */ = {isa = PBXBuildFile; fileRef = 1568D4981F8FE0EB00E7177C /* all_jokes.json */; };
		1568D4AE1F8FEB6400E7177C /* status.json in Resources */ = {isa = PBXBuildFile; fileRef = 1568D49A1F8FE0F600E7177C /* status.json */; };
		15790A651F9014620096ECAE /* JokeServiceTests.swift in Sources */ = {isa = PBXBuildFile; fileRef = 15790A641F9014620096ECAE /* JokeServiceTests.swift */; };
		1591CD811F8D587B00A92251 /* JokeNetworkService.swift in Sources */ = {isa = PBXBuildFile; fileRef = 1591CD801F8D587B00A92251 /* JokeNetworkService.swift */; };
		1591CD831F8D592400A92251 /* JokeNetworkRequest.swift in Sources */ = {isa = PBXBuildFile; fileRef = 1591CD821F8D592400A92251 /* JokeNetworkRequest.swift */; };
		15A4F3BA1F8FC02C000CF0B9 /* TestCoreDataStack.swift in Sources */ = {isa = PBXBuildFile; fileRef = 15A4F3B91F8FC02C000CF0B9 /* TestCoreDataStack.swift */; };
		15BA30DE1F8E744700C4E74F /* JokeService.swift in Sources */ = {isa = PBXBuildFile; fileRef = 15BA30DD1F8E744700C4E74F /* JokeService.swift */; };
		15BA30E11F8E7BB900C4E74F /* Sequence+Find.swift in Sources */ = {isa = PBXBuildFile; fileRef = 15BA30E01F8E7BB900C4E74F /* Sequence+Find.swift */; };
		1F299D7A23D857B99DA2ABC7 /* Pods_NerdJokesTests.framework in Frameworks */ = {isa = PBXBuildFile; fileRef = CE4853833A26D92F4C554260 /* Pods_NerdJokesTests.framework */; };
		2637BD0DDE93BD7686FB5D43 /* Pods_NerdJokes.framework in Frameworks */ = {isa = PBXBuildFile; fileRef = 5705C0E7DAF23B37F567AB7A /* Pods_NerdJokes.framework */; };
		AE32108C1F8532E800893D28 /* AppDelegate.swift in Sources */ = {isa = PBXBuildFile; fileRef = AE32108B1F8532E800893D28 /* AppDelegate.swift */; };
		AE3210911F8532E800893D28 /* Main.storyboard in Resources */ = {isa = PBXBuildFile; fileRef = AE32108F1F8532E800893D28 /* Main.storyboard */; };
		AE3210931F8532E800893D28 /* Assets.xcassets in Resources */ = {isa = PBXBuildFile; fileRef = AE3210921F8532E800893D28 /* Assets.xcassets */; };
		AE3210961F8532E800893D28 /* LaunchScreen.storyboard in Resources */ = {isa = PBXBuildFile; fileRef = AE3210941F8532E800893D28 /* LaunchScreen.storyboard */; };
/* End PBXBuildFile section */

/* Begin PBXContainerItemProxy section */
		155FAF7B1F8EB672000542F2 /* PBXContainerItemProxy */ = {
			isa = PBXContainerItemProxy;
			containerPortal = AE3210801F8532E800893D28 /* Project object */;
			proxyType = 1;
			remoteGlobalIDString = AE3210871F8532E800893D28;
			remoteInfo = NerdJokes;
		};
/* End PBXContainerItemProxy section */

/* Begin PBXFileReference section */
		15010C061F91588E00644F76 /* JokeTableViewCell.swift */ = {isa = PBXFileReference; lastKnownFileType = sourcecode.swift; path = JokeTableViewCell.swift; sourceTree = "<group>"; };
		1511DE9D1F8D64D40079DDF0 /* JokePersistenceService.swift */ = {isa = PBXFileReference; lastKnownFileType = sourcecode.swift; path = JokePersistenceService.swift; sourceTree = "<group>"; };
		1511DEA01F8E72710079DDF0 /* StatusAPIItem.swift */ = {isa = PBXFileReference; lastKnownFileType = sourcecode.swift; path = StatusAPIItem.swift; sourceTree = "<group>"; };
		1512243C1F8D535B00734FB1 /* ApiResource.swift */ = {isa = PBXFileReference; lastKnownFileType = sourcecode.swift; path = ApiResource.swift; sourceTree = "<group>"; };
		1512243E1F8D53C500734FB1 /* AppConstants.swift */ = {isa = PBXFileReference; lastKnownFileType = sourcecode.swift; path = AppConstants.swift; sourceTree = "<group>"; };
		151224401F8D544800734FB1 /* NetworkRequest.swift */ = {isa = PBXFileReference; lastKnownFileType = sourcecode.swift; path = NetworkRequest.swift; sourceTree = "<group>"; };
		151224441F8D55DA00734FB1 /* Resources.swift */ = {isa = PBXFileReference; lastKnownFileType = sourcecode.swift; path = Resources.swift; sourceTree = "<group>"; };
		152BD0FE1F8D387900B734ED /* CoreDataStack.swift */ = {isa = PBXFileReference; lastKnownFileType = sourcecode.swift; path = CoreDataStack.swift; sourceTree = "<group>"; };
		152BD1011F8D40F500B734ED /* NerdJokes.xcdatamodel */ = {isa = PBXFileReference; lastKnownFileType = wrapper.xcdatamodel; path = NerdJokes.xcdatamodel; sourceTree = "<group>"; };
		152BD1031F8D41AD00B734ED /* Joke.swift */ = {isa = PBXFileReference; lastKnownFileType = sourcecode.swift; path = Joke.swift; sourceTree = "<group>"; };
		152BD1051F8D42C300B734ED /* Trackable.swift */ = {isa = PBXFileReference; lastKnownFileType = sourcecode.swift; path = Trackable.swift; sourceTree = "<group>"; };
		152BD1071F8D439F00B734ED /* JokesMasterViewController.swift */ = {isa = PBXFileReference; lastKnownFileType = sourcecode.swift; path = JokesMasterViewController.swift; sourceTree = "<group>"; };
		152BD1091F8D448900B734ED /* JokeAPIItem.swift */ = {isa = PBXFileReference; lastKnownFileType = sourcecode.swift; path = JokeAPIItem.swift; sourceTree = "<group>"; };
		153947501F950AE400FBDDD2 /* TableViewEnum.swift */ = {isa = PBXFileReference; lastKnownFileType = sourcecode.swift; path = TableViewEnum.swift; sourceTree = "<group>"; };
		153947531F950B9200FBDDD2 /* JokesMasterTableViewEnum.swift */ = {isa = PBXFileReference; lastKnownFileType = sourcecode.swift; path = JokesMasterTableViewEnum.swift; sourceTree = "<group>"; };
		153947551F95198B00FBDDD2 /* JokeTableViewCell.xib */ = {isa = PBXFileReference; lastKnownFileType = file.xib; path = JokeTableViewCell.xib; sourceTree = "<group>"; };
		153947571F96636500FBDDD2 /* AppearanceManager.swift */ = {isa = PBXFileReference; lastKnownFileType = sourcecode.swift; path = AppearanceManager.swift; sourceTree = "<group>"; };
		155FAF761F8EB672000542F2 /* NerdJokesTests.xctest */ = {isa = PBXFileReference; explicitFileType = wrapper.cfbundle; includeInIndex = 0; path = NerdJokesTests.xctest; sourceTree = BUILT_PRODUCTS_DIR; };
		155FAF7A1F8EB672000542F2 /* Info.plist */ = {isa = PBXFileReference; lastKnownFileType = text.plist.xml; path = Info.plist; sourceTree = "<group>"; };
		155FAF801F8EB69A000542F2 /* PersistenceTests.swift */ = {isa = PBXFileReference; lastKnownFileType = sourcecode.swift; path = PersistenceTests.swift; sourceTree = "<group>"; };
		1568D4941F8FDB3900E7177C /* NetworkTests.swift */ = {isa = PBXFileReference; lastKnownFileType = sourcecode.swift; path = NetworkTests.swift; sourceTree = "<group>"; };
		1568D4961F8FE0DA00E7177C /* single_joke.json */ = {isa = PBXFileReference; lastKnownFileType = text.json; path = single_joke.json; sourceTree = "<group>"; };
		1568D4981F8FE0EB00E7177C /* all_jokes.json */ = {isa = PBXFileReference; lastKnownFileType = text.json; path = all_jokes.json; sourceTree = "<group>"; xcLanguageSpecificationIdentifier = xcode.lang.javascript; };
		1568D49A1F8FE0F600E7177C /* status.json */ = {isa = PBXFileReference; lastKnownFileType = text.json; path = status.json; sourceTree = "<group>"; };
		1568D4A11F8FE15F00E7177C /* TestJokeNetworkRequest.swift */ = {isa = PBXFileReference; lastKnownFileType = sourcecode.swift; path = TestJokeNetworkRequest.swift; sourceTree = "<group>"; };
		15790A641F9014620096ECAE /* JokeServiceTests.swift */ = {isa = PBXFileReference; lastKnownFileType = sourcecode.swift; path = JokeServiceTests.swift; sourceTree = "<group>"; };
		1591CD801F8D587B00A92251 /* JokeNetworkService.swift */ = {isa = PBXFileReference; lastKnownFileType = sourcecode.swift; path = JokeNetworkService.swift; sourceTree = "<group>"; };
		1591CD821F8D592400A92251 /* JokeNetworkRequest.swift */ = {isa = PBXFileReference; lastKnownFileType = sourcecode.swift; path = JokeNetworkRequest.swift; sourceTree = "<group>"; };
		15A4F3B91F8FC02C000CF0B9 /* TestCoreDataStack.swift */ = {isa = PBXFileReference; lastKnownFileType = sourcecode.swift; path = TestCoreDataStack.swift; sourceTree = "<group>"; };
		15BA30DD1F8E744700C4E74F /* JokeService.swift */ = {isa = PBXFileReference; lastKnownFileType = sourcecode.swift; path = JokeService.swift; sourceTree = "<group>"; };
		15BA30E01F8E7BB900C4E74F /* Sequence+Find.swift */ = {isa = PBXFileReference; lastKnownFileType = sourcecode.swift; path = "Sequence+Find.swift"; sourceTree = "<group>"; };
		1781A42EA3196FAA86CA59F3 /* Pods-NerdJokes.release.xcconfig */ = {isa = PBXFileReference; includeInIndex = 1; lastKnownFileType = text.xcconfig; name = "Pods-NerdJokes.release.xcconfig"; path = "Pods/Target Support Files/Pods-NerdJokes/Pods-NerdJokes.release.xcconfig"; sourceTree = "<group>"; };
		4890843232BE352181B4E5FD /* Pods-NerdJokesTests.debug.xcconfig */ = {isa = PBXFileReference; includeInIndex = 1; lastKnownFileType = text.xcconfig; name = "Pods-NerdJokesTests.debug.xcconfig"; path = "Pods/Target Support Files/Pods-NerdJokesTests/Pods-NerdJokesTests.debug.xcconfig"; sourceTree = "<group>"; };
		5705C0E7DAF23B37F567AB7A /* Pods_NerdJokes.framework */ = {isa = PBXFileReference; explicitFileType = wrapper.framework; includeInIndex = 0; path = Pods_NerdJokes.framework; sourceTree = BUILT_PRODUCTS_DIR; };
		5D5707E2E07B50C469CF75DA /* Pods-NerdJokes.debug.xcconfig */ = {isa = PBXFileReference; includeInIndex = 1; lastKnownFileType = text.xcconfig; name = "Pods-NerdJokes.debug.xcconfig"; path = "Pods/Target Support Files/Pods-NerdJokes/Pods-NerdJokes.debug.xcconfig"; sourceTree = "<group>"; };
		AE3210881F8532E800893D28 /* NerdJokes.app */ = {isa = PBXFileReference; explicitFileType = wrapper.application; includeInIndex = 0; path = NerdJokes.app; sourceTree = BUILT_PRODUCTS_DIR; };
		AE32108B1F8532E800893D28 /* AppDelegate.swift */ = {isa = PBXFileReference; lastKnownFileType = sourcecode.swift; path = AppDelegate.swift; sourceTree = "<group>"; };
		AE3210901F8532E800893D28 /* Base */ = {isa = PBXFileReference; lastKnownFileType = file.storyboard; name = Base; path = Base.lproj/Main.storyboard; sourceTree = "<group>"; };
		AE3210921F8532E800893D28 /* Assets.xcassets */ = {isa = PBXFileReference; lastKnownFileType = folder.assetcatalog; path = Assets.xcassets; sourceTree = "<group>"; };
		AE3210951F8532E800893D28 /* Base */ = {isa = PBXFileReference; lastKnownFileType = file.storyboard; name = Base; path = Base.lproj/LaunchScreen.storyboard; sourceTree = "<group>"; };
		AE3210971F8532E800893D28 /* Info.plist */ = {isa = PBXFileReference; lastKnownFileType = text.plist.xml; path = Info.plist; sourceTree = "<group>"; };
		CE4853833A26D92F4C554260 /* Pods_NerdJokesTests.framework */ = {isa = PBXFileReference; explicitFileType = wrapper.framework; includeInIndex = 0; path = Pods_NerdJokesTests.framework; sourceTree = BUILT_PRODUCTS_DIR; };
		DA3A1636027E2C48D89851B6 /* Pods-NerdJokesTests.release.xcconfig */ = {isa = PBXFileReference; includeInIndex = 1; lastKnownFileType = text.xcconfig; name = "Pods-NerdJokesTests.release.xcconfig"; path = "Pods/Target Support Files/Pods-NerdJokesTests/Pods-NerdJokesTests.release.xcconfig"; sourceTree = "<group>"; };
/* End PBXFileReference section */

/* Begin PBXFrameworksBuildPhase section */
		155FAF731F8EB672000542F2 /* Frameworks */ = {
			isa = PBXFrameworksBuildPhase;
			buildActionMask = 2147483647;
			files = (
				1F299D7A23D857B99DA2ABC7 /* Pods_NerdJokesTests.framework in Frameworks */,
			);
			runOnlyForDeploymentPostprocessing = 0;
		};
		AE3210851F8532E800893D28 /* Frameworks */ = {
			isa = PBXFrameworksBuildPhase;
			buildActionMask = 2147483647;
			files = (
				2637BD0DDE93BD7686FB5D43 /* Pods_NerdJokes.framework in Frameworks */,
			);
			runOnlyForDeploymentPostprocessing = 0;
		};
/* End PBXFrameworksBuildPhase section */

/* Begin PBXGroup section */
		10EDAD41C75CB5DA0939ECE2 /* Pods */ = {
			isa = PBXGroup;
			children = (
				5D5707E2E07B50C469CF75DA /* Pods-NerdJokes.debug.xcconfig */,
				1781A42EA3196FAA86CA59F3 /* Pods-NerdJokes.release.xcconfig */,
				4890843232BE352181B4E5FD /* Pods-NerdJokesTests.debug.xcconfig */,
				DA3A1636027E2C48D89851B6 /* Pods-NerdJokesTests.release.xcconfig */,
			);
			name = Pods;
			sourceTree = "<group>";
		};
		1511DE9F1F8E72620079DDF0 /* Models */ = {
			isa = PBXGroup;
			children = (
				152BD1091F8D448900B734ED /* JokeAPIItem.swift */,
				1511DEA01F8E72710079DDF0 /* StatusAPIItem.swift */,
			);
			path = Models;
			sourceTree = "<group>";
		};
		1511DEA21F8E73180079DDF0 /* Models */ = {
			isa = PBXGroup;
			children = (
				152BD1051F8D42C300B734ED /* Trackable.swift */,
				152BD1031F8D41AD00B734ED /* Joke.swift */,
			);
			path = Models;
			sourceTree = "<group>";
		};
		1511DEA31F8E732D0079DDF0 /* Views */ = {
			isa = PBXGroup;
			children = (
				15010C061F91588E00644F76 /* JokeTableViewCell.swift */,
				153947551F95198B00FBDDD2 /* JokeTableViewCell.xib */,
			);
			path = Views;
			sourceTree = "<group>";
		};
		1511DEA41F8E733A0079DDF0 /* View Controllers */ = {
			isa = PBXGroup;
			children = (
				152BD1071F8D439F00B734ED /* JokesMasterViewController.swift */,
			);
			path = "View Controllers";
			sourceTree = "<group>";
		};
		1512243B1F8D535100734FB1 /* Protocols */ = {
			isa = PBXGroup;
			children = (
				1512243C1F8D535B00734FB1 /* ApiResource.swift */,
				151224401F8D544800734FB1 /* NetworkRequest.swift */,
			);
			path = Protocols;
			sourceTree = "<group>";
		};
		151224421F8D55BD00734FB1 /* Implementation */ = {
			isa = PBXGroup;
			children = (
				151224441F8D55DA00734FB1 /* Resources.swift */,
				1591CD801F8D587B00A92251 /* JokeNetworkService.swift */,
				1591CD821F8D592400A92251 /* JokeNetworkRequest.swift */,
			);
			path = Implementation;
			sourceTree = "<group>";
		};
		151224431F8D55C700734FB1 /* Network */ = {
			isa = PBXGroup;
			children = (
				1511DE9F1F8E72620079DDF0 /* Models */,
				151224421F8D55BD00734FB1 /* Implementation */,
				1512243B1F8D535100734FB1 /* Protocols */,
			);
			path = Network;
			sourceTree = "<group>";
		};
		1539474F1F950AD700FBDDD2 /* Helpers */ = {
			isa = PBXGroup;
			children = (
				153947521F950B8200FBDDD2 /* Enums */,
			);
			path = Helpers;
			sourceTree = "<group>";
		};
		153947521F950B8200FBDDD2 /* Enums */ = {
			isa = PBXGroup;
			children = (
				153947501F950AE400FBDDD2 /* TableViewEnum.swift */,
				153947531F950B9200FBDDD2 /* JokesMasterTableViewEnum.swift */,
			);
			path = Enums;
			sourceTree = "<group>";
		};
		155FAF771F8EB672000542F2 /* NerdJokesTests */ = {
			isa = PBXGroup;
			children = (
				1568D4A01F8FE11400E7177C /* Test Stacks */,
				1568D49F1F8FE10A00E7177C /* DummyJSON */,
				155FAF7A1F8EB672000542F2 /* Info.plist */,
				155FAF801F8EB69A000542F2 /* PersistenceTests.swift */,
				1568D4941F8FDB3900E7177C /* NetworkTests.swift */,
				15790A641F9014620096ECAE /* JokeServiceTests.swift */,
			);
			path = NerdJokesTests;
			sourceTree = "<group>";
		};
		1568D49F1F8FE10A00E7177C /* DummyJSON */ = {
			isa = PBXGroup;
			children = (
				1568D4961F8FE0DA00E7177C /* single_joke.json */,
				1568D4981F8FE0EB00E7177C /* all_jokes.json */,
				1568D49A1F8FE0F600E7177C /* status.json */,
			);
			path = DummyJSON;
			sourceTree = "<group>";
		};
		1568D4A01F8FE11400E7177C /* Test Stacks */ = {
			isa = PBXGroup;
			children = (
				15A4F3B91F8FC02C000CF0B9 /* TestCoreDataStack.swift */,
				1568D4A11F8FE15F00E7177C /* TestJokeNetworkRequest.swift */,
			);
			path = "Test Stacks";
			sourceTree = "<group>";
		};
		1591CD841F8D5E4500A92251 /* Persistence */ = {
			isa = PBXGroup;
			children = (
				152BD0FE1F8D387900B734ED /* CoreDataStack.swift */,
				1511DE9D1F8D64D40079DDF0 /* JokePersistenceService.swift */,
			);
			path = Persistence;
			sourceTree = "<group>";
		};
		15BA30DC1F8E742A00C4E74F /* Services */ = {
			isa = PBXGroup;
			children = (
				15BA30DD1F8E744700C4E74F /* JokeService.swift */,
			);
			path = Services;
			sourceTree = "<group>";
		};
		15BA30DF1F8E7BAF00C4E74F /* Extensions */ = {
			isa = PBXGroup;
			children = (
				15BA30E01F8E7BB900C4E74F /* Sequence+Find.swift */,
			);
			path = Extensions;
			sourceTree = "<group>";
		};
		694DDD66B110E439B0A74A77 /* Frameworks */ = {
			isa = PBXGroup;
			children = (
				5705C0E7DAF23B37F567AB7A /* Pods_NerdJokes.framework */,
				CE4853833A26D92F4C554260 /* Pods_NerdJokesTests.framework */,
			);
			name = Frameworks;
			sourceTree = "<group>";
		};
		AE32107F1F8532E800893D28 = {
			isa = PBXGroup;
			children = (
				AE32108A1F8532E800893D28 /* NerdJokes */,
				155FAF771F8EB672000542F2 /* NerdJokesTests */,
				AE3210891F8532E800893D28 /* Products */,
				10EDAD41C75CB5DA0939ECE2 /* Pods */,
				694DDD66B110E439B0A74A77 /* Frameworks */,
			);
			sourceTree = "<group>";
		};
		AE3210891F8532E800893D28 /* Products */ = {
			isa = PBXGroup;
			children = (
				AE3210881F8532E800893D28 /* NerdJokes.app */,
				155FAF761F8EB672000542F2 /* NerdJokesTests.xctest */,
			);
			name = Products;
			sourceTree = "<group>";
		};
		AE32108A1F8532E800893D28 /* NerdJokes */ = {
			isa = PBXGroup;
			children = (
				1539474F1F950AD700FBDDD2 /* Helpers */,
				15BA30DF1F8E7BAF00C4E74F /* Extensions */,
				15BA30DC1F8E742A00C4E74F /* Services */,
				1511DEA41F8E733A0079DDF0 /* View Controllers */,
				1511DEA31F8E732D0079DDF0 /* Views */,
				1511DEA21F8E73180079DDF0 /* Models */,
				1591CD841F8D5E4500A92251 /* Persistence */,
				151224431F8D55C700734FB1 /* Network */,
				AE32108B1F8532E800893D28 /* AppDelegate.swift */,
				AE32108F1F8532E800893D28 /* Main.storyboard */,
				AE3210921F8532E800893D28 /* Assets.xcassets */,
				AE3210941F8532E800893D28 /* LaunchScreen.storyboard */,
				AE3210971F8532E800893D28 /* Info.plist */,
				152BD1001F8D40F500B734ED /* NerdJokes.xcdatamodeld */,
				1512243E1F8D53C500734FB1 /* AppConstants.swift */,
				153947571F96636500FBDDD2 /* AppearanceManager.swift */,
			);
			path = NerdJokes;
			sourceTree = "<group>";
		};
/* End PBXGroup section */

/* Begin PBXNativeTarget section */
		155FAF751F8EB672000542F2 /* NerdJokesTests */ = {
			isa = PBXNativeTarget;
			buildConfigurationList = 155FAF7D1F8EB672000542F2 /* Build configuration list for PBXNativeTarget "NerdJokesTests" */;
			buildPhases = (
				2DF2E42F25333AF0B5772321 /* [CP] Check Pods Manifest.lock */,
				155FAF721F8EB672000542F2 /* Sources */,
				155FAF731F8EB672000542F2 /* Frameworks */,
				155FAF741F8EB672000542F2 /* Resources */,
				4F767DF6284DAFFE071AB745 /* [CP] Embed Pods Frameworks */,
				4157D0A50FCF997AA3E9ED7C /* [CP] Copy Pods Resources */,
			);
			buildRules = (
			);
			dependencies = (
				155FAF7C1F8EB672000542F2 /* PBXTargetDependency */,
			);
			name = NerdJokesTests;
			productName = NerdJokesTests;
			productReference = 155FAF761F8EB672000542F2 /* NerdJokesTests.xctest */;
			productType = "com.apple.product-type.bundle.unit-test";
		};
		AE3210871F8532E800893D28 /* NerdJokes */ = {
			isa = PBXNativeTarget;
			buildConfigurationList = AE32109A1F8532E800893D28 /* Build configuration list for PBXNativeTarget "NerdJokes" */;
			buildPhases = (
				FCC40DCE2F7B70D744DBF23A /* [CP] Check Pods Manifest.lock */,
				AE3210841F8532E800893D28 /* Sources */,
				AE3210851F8532E800893D28 /* Frameworks */,
				AE3210861F8532E800893D28 /* Resources */,
				FF64C22D64B5AD46E7E340C9 /* [CP] Embed Pods Frameworks */,
				D913D05EF6E568E64CC75996 /* [CP] Copy Pods Resources */,
			);
			buildRules = (
			);
			dependencies = (
			);
			name = NerdJokes;
			productName = NerdJokes;
			productReference = AE3210881F8532E800893D28 /* NerdJokes.app */;
			productType = "com.apple.product-type.application";
		};
/* End PBXNativeTarget section */

/* Begin PBXProject section */
		AE3210801F8532E800893D28 /* Project object */ = {
			isa = PBXProject;
			attributes = {
				LastSwiftUpdateCheck = 0900;
				LastUpgradeCheck = 0900;
				ORGANIZATIONNAME = "Id Raja";
				TargetAttributes = {
					155FAF751F8EB672000542F2 = {
						CreatedOnToolsVersion = 9.0;
						ProvisioningStyle = Automatic;
						TestTargetID = AE3210871F8532E800893D28;
					};
					AE3210871F8532E800893D28 = {
						CreatedOnToolsVersion = 8.3.3;
						DevelopmentTeam = 95TF88E9V3;
						LastSwiftMigration = 0900;
						ProvisioningStyle = Automatic;
					};
				};
			};
			buildConfigurationList = AE3210831F8532E800893D28 /* Build configuration list for PBXProject "NerdJokes" */;
			compatibilityVersion = "Xcode 3.2";
			developmentRegion = English;
			hasScannedForEncodings = 0;
			knownRegions = (
				en,
				Base,
			);
			mainGroup = AE32107F1F8532E800893D28;
			productRefGroup = AE3210891F8532E800893D28 /* Products */;
			projectDirPath = "";
			projectRoot = "";
			targets = (
				AE3210871F8532E800893D28 /* NerdJokes */,
				155FAF751F8EB672000542F2 /* NerdJokesTests */,
			);
		};
/* End PBXProject section */

/* Begin PBXResourcesBuildPhase section */
		155FAF741F8EB672000542F2 /* Resources */ = {
			isa = PBXResourcesBuildPhase;
			buildActionMask = 2147483647;
			files = (
				1568D49D1F8FE10300E7177C /* all_jokes.json in Resources */,
				1568D49C1F8FE10000E7177C /* single_joke.json in Resources */,
				1568D49E1F8FE10600E7177C /* status.json in Resources */,
			);
			runOnlyForDeploymentPostprocessing = 0;
		};
		AE3210861F8532E800893D28 /* Resources */ = {
			isa = PBXResourcesBuildPhase;
			buildActionMask = 2147483647;
			files = (
				153947561F95198B00FBDDD2 /* JokeTableViewCell.xib in Resources */,
				AE3210961F8532E800893D28 /* LaunchScreen.storyboard in Resources */,
				1568D4AD1F8FEB6400E7177C /* all_jokes.json in Resources */,
				AE3210931F8532E800893D28 /* Assets.xcassets in Resources */,
				1568D4AC1F8FEB6400E7177C /* single_joke.json in Resources */,
				AE3210911F8532E800893D28 /* Main.storyboard in Resources */,
				1568D4AE1F8FEB6400E7177C /* status.json in Resources */,
			);
			runOnlyForDeploymentPostprocessing = 0;
		};
/* End PBXResourcesBuildPhase section */

/* Begin PBXShellScriptBuildPhase section */
		2DF2E42F25333AF0B5772321 /* [CP] Check Pods Manifest.lock */ = {
			isa = PBXShellScriptBuildPhase;
			buildActionMask = 2147483647;
			files = (
			);
			inputPaths = (
			);
			name = "[CP] Check Pods Manifest.lock";
			outputPaths = (
			);
			runOnlyForDeploymentPostprocessing = 0;
			shellPath = /bin/sh;
			shellScript = "diff \"${PODS_ROOT}/../Podfile.lock\" \"${PODS_ROOT}/Manifest.lock\" > /dev/null\nif [ $? != 0 ] ; then\n    # print error to STDERR\n    echo \"error: The sandbox is not in sync with the Podfile.lock. Run 'pod install' or update your CocoaPods installation.\" >&2\n    exit 1\nfi\n";
			showEnvVarsInLog = 0;
		};
		4157D0A50FCF997AA3E9ED7C /* [CP] Copy Pods Resources */ = {
			isa = PBXShellScriptBuildPhase;
			buildActionMask = 2147483647;
			files = (
			);
			inputPaths = (
			);
			name = "[CP] Copy Pods Resources";
			outputPaths = (
			);
			runOnlyForDeploymentPostprocessing = 0;
			shellPath = /bin/sh;
			shellScript = "\"${SRCROOT}/Pods/Target Support Files/Pods-NerdJokesTests/Pods-NerdJokesTests-resources.sh\"\n";
			showEnvVarsInLog = 0;
		};
		4F767DF6284DAFFE071AB745 /* [CP] Embed Pods Frameworks */ = {
			isa = PBXShellScriptBuildPhase;
			buildActionMask = 2147483647;
			files = (
			);
			inputPaths = (
			);
			name = "[CP] Embed Pods Frameworks";
			outputPaths = (
			);
			runOnlyForDeploymentPostprocessing = 0;
			shellPath = /bin/sh;
			shellScript = "\"${SRCROOT}/Pods/Target Support Files/Pods-NerdJokesTests/Pods-NerdJokesTests-frameworks.sh\"\n";
			showEnvVarsInLog = 0;
		};
		D913D05EF6E568E64CC75996 /* [CP] Copy Pods Resources */ = {
			isa = PBXShellScriptBuildPhase;
			buildActionMask = 2147483647;
			files = (
			);
			inputPaths = (
			);
			name = "[CP] Copy Pods Resources";
			outputPaths = (
			);
			runOnlyForDeploymentPostprocessing = 0;
			shellPath = /bin/sh;
			shellScript = "\"${SRCROOT}/Pods/Target Support Files/Pods-NerdJokes/Pods-NerdJokes-resources.sh\"\n";
			showEnvVarsInLog = 0;
		};
		FCC40DCE2F7B70D744DBF23A /* [CP] Check Pods Manifest.lock */ = {
			isa = PBXShellScriptBuildPhase;
			buildActionMask = 2147483647;
			files = (
			);
			inputPaths = (
			);
			name = "[CP] Check Pods Manifest.lock";
			outputPaths = (
			);
			runOnlyForDeploymentPostprocessing = 0;
			shellPath = /bin/sh;
			shellScript = "diff \"${PODS_ROOT}/../Podfile.lock\" \"${PODS_ROOT}/Manifest.lock\" > /dev/null\nif [ $? != 0 ] ; then\n    # print error to STDERR\n    echo \"error: The sandbox is not in sync with the Podfile.lock. Run 'pod install' or update your CocoaPods installation.\" >&2\n    exit 1\nfi\n";
			showEnvVarsInLog = 0;
		};
		FF64C22D64B5AD46E7E340C9 /* [CP] Embed Pods Frameworks */ = {
			isa = PBXShellScriptBuildPhase;
			buildActionMask = 2147483647;
			files = (
			);
			inputPaths = (
			);
			name = "[CP] Embed Pods Frameworks";
			outputPaths = (
			);
			runOnlyForDeploymentPostprocessing = 0;
			shellPath = /bin/sh;
			shellScript = "\"${SRCROOT}/Pods/Target Support Files/Pods-NerdJokes/Pods-NerdJokes-frameworks.sh\"\n";
			showEnvVarsInLog = 0;
		};
/* End PBXShellScriptBuildPhase section */

/* Begin PBXSourcesBuildPhase section */
		155FAF721F8EB672000542F2 /* Sources */ = {
			isa = PBXSourcesBuildPhase;
			buildActionMask = 2147483647;
			files = (
				155FAF811F8EB69A000542F2 /* PersistenceTests.swift in Sources */,
				1568D4951F8FDB3900E7177C /* NetworkTests.swift in Sources */,
				1568D4A51F8FE81A00E7177C /* Resources.swift in Sources */,
				1568D4A81F8FE86400E7177C /* StatusAPIItem.swift in Sources */,
				1568D4A61F8FE82500E7177C /* AppConstants.swift in Sources */,
				1568D4A41F8FE80600E7177C /* ApiResource.swift in Sources */,
				15790A651F9014620096ECAE /* JokeServiceTests.swift in Sources */,
				1568D4A71F8FE86100E7177C /* JokeAPIItem.swift in Sources */,
				1568D4AB1F8FE93E00E7177C /* JokeNetworkRequest.swift in Sources */,
				1568D4A31F8FE64800E7177C /* JokeNetworkService.swift in Sources */,
				1568D4AA1F8FE90F00E7177C /* NetworkRequest.swift in Sources */,
				15A4F3BA1F8FC02C000CF0B9 /* TestCoreDataStack.swift in Sources */,
				1568D4A21F8FE15F00E7177C /* TestJokeNetworkRequest.swift in Sources */,
			);
			runOnlyForDeploymentPostprocessing = 0;
		};
		AE3210841F8532E800893D28 /* Sources */ = {
			isa = PBXSourcesBuildPhase;
			buildActionMask = 2147483647;
			files = (
				152BD0FF1F8D387900B734ED /* CoreDataStack.swift in Sources */,
				1591CD831F8D592400A92251 /* JokeNetworkRequest.swift in Sources */,
				152BD1041F8D41AD00B734ED /* Joke.swift in Sources */,
				1512243D1F8D535B00734FB1 /* ApiResource.swift in Sources */,
				AE32108C1F8532E800893D28 /* AppDelegate.swift in Sources */,
				1511DE9E1F8D64D40079DDF0 /* JokePersistenceService.swift in Sources */,
				15BA30DE1F8E744700C4E74F /* JokeService.swift in Sources */,
				153947581F96636500FBDDD2 /* AppearanceManager.swift in Sources */,
				152BD1081F8D439F00B734ED /* JokesMasterViewController.swift in Sources */,
				15010C071F91588E00644F76 /* JokeTableViewCell.swift in Sources */,
				152BD10A1F8D448900B734ED /* JokeAPIItem.swift in Sources */,
				15BA30E11F8E7BB900C4E74F /* Sequence+Find.swift in Sources */,
				152BD1021F8D40F500B734ED /* NerdJokes.xcdatamodeld in Sources */,
				151224411F8D544800734FB1 /* NetworkRequest.swift in Sources */,
				1511DEA11F8E72710079DDF0 /* StatusAPIItem.swift in Sources */,
				1591CD811F8D587B00A92251 /* JokeNetworkService.swift in Sources */,
				153947541F950B9200FBDDD2 /* JokesMasterTableViewEnum.swift in Sources */,
				151224451F8D55DA00734FB1 /* Resources.swift in Sources */,
				152BD1061F8D42C300B734ED /* Trackable.swift in Sources */,
				153947511F950AE400FBDDD2 /* TableViewEnum.swift in Sources */,
				1512243F1F8D53C500734FB1 /* AppConstants.swift in Sources */,
			);
			runOnlyForDeploymentPostprocessing = 0;
		};
/* End PBXSourcesBuildPhase section */

/* Begin PBXTargetDependency section */
		155FAF7C1F8EB672000542F2 /* PBXTargetDependency */ = {
			isa = PBXTargetDependency;
			target = AE3210871F8532E800893D28 /* NerdJokes */;
			targetProxy = 155FAF7B1F8EB672000542F2 /* PBXContainerItemProxy */;
		};
/* End PBXTargetDependency section */

/* Begin PBXVariantGroup section */
		AE32108F1F8532E800893D28 /* Main.storyboard */ = {
			isa = PBXVariantGroup;
			children = (
				AE3210901F8532E800893D28 /* Base */,
			);
			name = Main.storyboard;
			sourceTree = "<group>";
		};
		AE3210941F8532E800893D28 /* LaunchScreen.storyboard */ = {
			isa = PBXVariantGroup;
			children = (
				AE3210951F8532E800893D28 /* Base */,
			);
			name = LaunchScreen.storyboard;
			sourceTree = "<group>";
		};
/* End PBXVariantGroup section */

/* Begin XCBuildConfiguration section */
		155FAF7E1F8EB672000542F2 /* Debug */ = {
			isa = XCBuildConfiguration;
			baseConfigurationReference = 4890843232BE352181B4E5FD /* Pods-NerdJokesTests.debug.xcconfig */;
			buildSettings = {
				BUNDLE_LOADER = "$(TEST_HOST)";
				CLANG_CXX_LANGUAGE_STANDARD = "gnu++14";
				CLANG_WARN_UNGUARDED_AVAILABILITY = YES_AGGRESSIVE;
				CODE_SIGN_IDENTITY = "iPhone Developer";
				CODE_SIGN_STYLE = Automatic;
				GCC_C_LANGUAGE_STANDARD = gnu11;
				INFOPLIST_FILE = NerdJokesTests/Info.plist;
				IPHONEOS_DEPLOYMENT_TARGET = 11.0;
				LD_RUNPATH_SEARCH_PATHS = "$(inherited) @executable_path/Frameworks @loader_path/Frameworks";
				PRODUCT_BUNDLE_IDENTIFIER = com.soundsmitten.NerdJokesTests;
				PRODUCT_NAME = "$(TARGET_NAME)";
				SWIFT_VERSION = 4.0;
				TARGETED_DEVICE_FAMILY = "1,2";
				TEST_HOST = "$(BUILT_PRODUCTS_DIR)/NerdJokes.app/NerdJokes";
			};
			name = Debug;
		};
		155FAF7F1F8EB672000542F2 /* Release */ = {
			isa = XCBuildConfiguration;
			baseConfigurationReference = DA3A1636027E2C48D89851B6 /* Pods-NerdJokesTests.release.xcconfig */;
			buildSettings = {
				BUNDLE_LOADER = "$(TEST_HOST)";
				CLANG_CXX_LANGUAGE_STANDARD = "gnu++14";
				CLANG_WARN_UNGUARDED_AVAILABILITY = YES_AGGRESSIVE;
				CODE_SIGN_IDENTITY = "iPhone Developer";
				CODE_SIGN_STYLE = Automatic;
				GCC_C_LANGUAGE_STANDARD = gnu11;
				INFOPLIST_FILE = NerdJokesTests/Info.plist;
				IPHONEOS_DEPLOYMENT_TARGET = 11.0;
				LD_RUNPATH_SEARCH_PATHS = "$(inherited) @executable_path/Frameworks @loader_path/Frameworks";
				PRODUCT_BUNDLE_IDENTIFIER = com.soundsmitten.NerdJokesTests;
				PRODUCT_NAME = "$(TARGET_NAME)";
				SWIFT_VERSION = 4.0;
				TARGETED_DEVICE_FAMILY = "1,2";
				TEST_HOST = "$(BUILT_PRODUCTS_DIR)/NerdJokes.app/NerdJokes";
			};
			name = Release;
		};
		AE3210981F8532E800893D28 /* Debug */ = {
			isa = XCBuildConfiguration;
			buildSettings = {
				ALWAYS_SEARCH_USER_PATHS = NO;
				CLANG_ANALYZER_NONNULL = YES;
				CLANG_ANALYZER_NUMBER_OBJECT_CONVERSION = YES_AGGRESSIVE;
				CLANG_CXX_LANGUAGE_STANDARD = "gnu++0x";
				CLANG_CXX_LIBRARY = "libc++";
				CLANG_ENABLE_MODULES = YES;
				CLANG_ENABLE_OBJC_ARC = YES;
				CLANG_WARN_BLOCK_CAPTURE_AUTORELEASING = YES;
				CLANG_WARN_BOOL_CONVERSION = YES;
				CLANG_WARN_COMMA = YES;
				CLANG_WARN_CONSTANT_CONVERSION = YES;
				CLANG_WARN_DIRECT_OBJC_ISA_USAGE = YES_ERROR;
				CLANG_WARN_DOCUMENTATION_COMMENTS = YES;
				CLANG_WARN_EMPTY_BODY = YES;
				CLANG_WARN_ENUM_CONVERSION = YES;
				CLANG_WARN_INFINITE_RECURSION = YES;
				CLANG_WARN_INT_CONVERSION = YES;
				CLANG_WARN_NON_LITERAL_NULL_CONVERSION = YES;
				CLANG_WARN_OBJC_LITERAL_CONVERSION = YES;
				CLANG_WARN_OBJC_ROOT_CLASS = YES_ERROR;
				CLANG_WARN_RANGE_LOOP_ANALYSIS = YES;
				CLANG_WARN_STRICT_PROTOTYPES = YES;
				CLANG_WARN_SUSPICIOUS_MOVE = YES;
				CLANG_WARN_UNREACHABLE_CODE = YES;
				CLANG_WARN__DUPLICATE_METHOD_MATCH = YES;
				"CODE_SIGN_IDENTITY[sdk=iphoneos*]" = "iPhone Developer";
				COPY_PHASE_STRIP = NO;
				DEBUG_INFORMATION_FORMAT = dwarf;
				ENABLE_STRICT_OBJC_MSGSEND = YES;
				ENABLE_TESTABILITY = YES;
				GCC_C_LANGUAGE_STANDARD = gnu99;
				GCC_DYNAMIC_NO_PIC = NO;
				GCC_NO_COMMON_BLOCKS = YES;
				GCC_OPTIMIZATION_LEVEL = 0;
				GCC_PREPROCESSOR_DEFINITIONS = (
					"DEBUG=1",
					"$(inherited)",
				);
				GCC_WARN_64_TO_32_BIT_CONVERSION = YES;
				GCC_WARN_ABOUT_RETURN_TYPE = YES_ERROR;
				GCC_WARN_UNDECLARED_SELECTOR = YES;
				GCC_WARN_UNINITIALIZED_AUTOS = YES_AGGRESSIVE;
				GCC_WARN_UNUSED_FUNCTION = YES;
				GCC_WARN_UNUSED_VARIABLE = YES;
				IPHONEOS_DEPLOYMENT_TARGET = 10.3;
				MTL_ENABLE_DEBUG_INFO = YES;
				ONLY_ACTIVE_ARCH = YES;
				SDKROOT = iphoneos;
				SWIFT_ACTIVE_COMPILATION_CONDITIONS = DEBUG;
				SWIFT_OPTIMIZATION_LEVEL = "-Onone";
				TARGETED_DEVICE_FAMILY = "1,2";
			};
			name = Debug;
		};
		AE3210991F8532E800893D28 /* Release */ = {
			isa = XCBuildConfiguration;
			buildSettings = {
				ALWAYS_SEARCH_USER_PATHS = NO;
				CLANG_ANALYZER_NONNULL = YES;
				CLANG_ANALYZER_NUMBER_OBJECT_CONVERSION = YES_AGGRESSIVE;
				CLANG_CXX_LANGUAGE_STANDARD = "gnu++0x";
				CLANG_CXX_LIBRARY = "libc++";
				CLANG_ENABLE_MODULES = YES;
				CLANG_ENABLE_OBJC_ARC = YES;
				CLANG_WARN_BLOCK_CAPTURE_AUTORELEASING = YES;
				CLANG_WARN_BOOL_CONVERSION = YES;
				CLANG_WARN_COMMA = YES;
				CLANG_WARN_CONSTANT_CONVERSION = YES;
				CLANG_WARN_DIRECT_OBJC_ISA_USAGE = YES_ERROR;
				CLANG_WARN_DOCUMENTATION_COMMENTS = YES;
				CLANG_WARN_EMPTY_BODY = YES;
				CLANG_WARN_ENUM_CONVERSION = YES;
				CLANG_WARN_INFINITE_RECURSION = YES;
				CLANG_WARN_INT_CONVERSION = YES;
				CLANG_WARN_NON_LITERAL_NULL_CONVERSION = YES;
				CLANG_WARN_OBJC_LITERAL_CONVERSION = YES;
				CLANG_WARN_OBJC_ROOT_CLASS = YES_ERROR;
				CLANG_WARN_RANGE_LOOP_ANALYSIS = YES;
				CLANG_WARN_STRICT_PROTOTYPES = YES;
				CLANG_WARN_SUSPICIOUS_MOVE = YES;
				CLANG_WARN_UNREACHABLE_CODE = YES;
				CLANG_WARN__DUPLICATE_METHOD_MATCH = YES;
				"CODE_SIGN_IDENTITY[sdk=iphoneos*]" = "iPhone Developer";
				COPY_PHASE_STRIP = NO;
				DEBUG_INFORMATION_FORMAT = "dwarf-with-dsym";
				ENABLE_NS_ASSERTIONS = NO;
				ENABLE_STRICT_OBJC_MSGSEND = YES;
				GCC_C_LANGUAGE_STANDARD = gnu99;
				GCC_NO_COMMON_BLOCKS = YES;
				GCC_WARN_64_TO_32_BIT_CONVERSION = YES;
				GCC_WARN_ABOUT_RETURN_TYPE = YES_ERROR;
				GCC_WARN_UNDECLARED_SELECTOR = YES;
				GCC_WARN_UNINITIALIZED_AUTOS = YES_AGGRESSIVE;
				GCC_WARN_UNUSED_FUNCTION = YES;
				GCC_WARN_UNUSED_VARIABLE = YES;
				IPHONEOS_DEPLOYMENT_TARGET = 10.3;
				MTL_ENABLE_DEBUG_INFO = NO;
				SDKROOT = iphoneos;
				SWIFT_OPTIMIZATION_LEVEL = "-Owholemodule";
				TARGETED_DEVICE_FAMILY = "1,2";
				VALIDATE_PRODUCT = YES;
			};
			name = Release;
		};
		AE32109B1F8532E800893D28 /* Debug */ = {
			isa = XCBuildConfiguration;
			baseConfigurationReference = 5D5707E2E07B50C469CF75DA /* Pods-NerdJokes.debug.xcconfig */;
			buildSettings = {
				ASSETCATALOG_COMPILER_APPICON_NAME = AppIcon;
				DEVELOPMENT_TEAM = 95TF88E9V3;
				INFOPLIST_FILE = NerdJokes/Info.plist;
				LD_RUNPATH_SEARCH_PATHS = "$(inherited) @executable_path/Frameworks";
				PRODUCT_BUNDLE_IDENTIFIER = com.nerdery.com.NerdJokes;
				PRODUCT_NAME = "$(TARGET_NAME)";
				SWIFT_VERSION = 4.0;
			};
			name = Debug;
		};
		AE32109C1F8532E800893D28 /* Release */ = {
			isa = XCBuildConfiguration;
			baseConfigurationReference = 1781A42EA3196FAA86CA59F3 /* Pods-NerdJokes.release.xcconfig */;
			buildSettings = {
				ASSETCATALOG_COMPILER_APPICON_NAME = AppIcon;
				DEVELOPMENT_TEAM = 95TF88E9V3;
				INFOPLIST_FILE = NerdJokes/Info.plist;
				LD_RUNPATH_SEARCH_PATHS = "$(inherited) @executable_path/Frameworks";
				PRODUCT_BUNDLE_IDENTIFIER = com.nerdery.com.NerdJokes;
				PRODUCT_NAME = "$(TARGET_NAME)";
				SWIFT_VERSION = 4.0;
			};
			name = Release;
		};
/* End XCBuildConfiguration section */

/* Begin XCConfigurationList section */
		155FAF7D1F8EB672000542F2 /* Build configuration list for PBXNativeTarget "NerdJokesTests" */ = {
			isa = XCConfigurationList;
			buildConfigurations = (
				155FAF7E1F8EB672000542F2 /* Debug */,
				155FAF7F1F8EB672000542F2 /* Release */,
			);
			defaultConfigurationIsVisible = 0;
			defaultConfigurationName = Release;
		};
		AE3210831F8532E800893D28 /* Build configuration list for PBXProject "NerdJokes" */ = {
			isa = XCConfigurationList;
			buildConfigurations = (
				AE3210981F8532E800893D28 /* Debug */,
				AE3210991F8532E800893D28 /* Release */,
			);
			defaultConfigurationIsVisible = 0;
			defaultConfigurationName = Release;
		};
		AE32109A1F8532E800893D28 /* Build configuration list for PBXNativeTarget "NerdJokes" */ = {
			isa = XCConfigurationList;
			buildConfigurations = (
				AE32109B1F8532E800893D28 /* Debug */,
				AE32109C1F8532E800893D28 /* Release */,
			);
			defaultConfigurationIsVisible = 0;
			defaultConfigurationName = Release;
		};
/* End XCConfigurationList section */

/* Begin XCVersionGroup section */
		152BD1001F8D40F500B734ED /* NerdJokes.xcdatamodeld */ = {
			isa = XCVersionGroup;
			children = (
				152BD1011F8D40F500B734ED /* NerdJokes.xcdatamodel */,
			);
			currentVersion = 152BD1011F8D40F500B734ED /* NerdJokes.xcdatamodel */;
			path = NerdJokes.xcdatamodeld;
			sourceTree = "<group>";
			versionGroupType = wrapper.xcdatamodel;
		};
/* End XCVersionGroup section */
	};
	rootObject = AE3210801F8532E800893D28 /* Project object */;
}
