// !$*UTF8*$!
{
	archiveVersion = 1;
	classes = {
	};
	objectVersion = 46;
	objects = {

/* Begin PBXBuildFile section */
		1F299D7A23D857B99DA2ABC7 /* Pods_NerdJokesTests.framework in Frameworks */ = {isa = PBXBuildFile; fileRef = CE4853833A26D92F4C554260 /* Pods_NerdJokesTests.framework */; };
		2637BD0DDE93BD7686FB5D43 /* Pods_NerdJokes.framework in Frameworks */ = {isa = PBXBuildFile; fileRef = 5705C0E7DAF23B37F567AB7A /* Pods_NerdJokes.framework */; };
		AE32108C1F8532E800893D28 /* AppDelegate.swift in Sources */ = {isa = PBXBuildFile; fileRef = AE32108B1F8532E800893D28 /* AppDelegate.swift */; };
		AE3210911F8532E800893D28 /* Main.storyboard in Resources */ = {isa = PBXBuildFile; fileRef = AE32108F1F8532E800893D28 /* Main.storyboard */; };
		AE3210931F8532E800893D28 /* Assets.xcassets in Resources */ = {isa = PBXBuildFile; fileRef = AE3210921F8532E800893D28 /* Assets.xcassets */; };
		AE3210961F8532E800893D28 /* LaunchScreen.storyboard in Resources */ = {isa = PBXBuildFile; fileRef = AE3210941F8532E800893D28 /* LaunchScreen.storyboard */; };
		AEA4485C1FA265FF00F35C08 /* Joke.swift in Sources */ = {isa = PBXBuildFile; fileRef = AEA4485B1FA265FF00F35C08 /* Joke.swift */; };
		AEA4485E1FA281C200F35C08 /* Error.swift in Sources */ = {isa = PBXBuildFile; fileRef = AEA4485D1FA281C200F35C08 /* Error.swift */; };
		AEA448601FA2851D00F35C08 /* JokeAPIManager.swift in Sources */ = {isa = PBXBuildFile; fileRef = AEA4485F1FA2851D00F35C08 /* JokeAPIManager.swift */; };
		AEECC0651FA2491E00FB0885 /* ViewController.swift in Sources */ = {isa = PBXBuildFile; fileRef = AEECC0641FA2491E00FB0885 /* ViewController.swift */; };
		AEECC0671FA24C3E00FB0885 /* JokeRouter.swift in Sources */ = {isa = PBXBuildFile; fileRef = AEECC0661FA24C3E00FB0885 /* JokeRouter.swift */; };
/* End PBXBuildFile section */

/* Begin PBXContainerItemProxy section */
		155FAF7B1F8EB672000542F2 /* PBXContainerItemProxy */ = {
			isa = PBXContainerItemProxy;
			containerPortal = AE3210801F8532E800893D28 /* Project object */;
			proxyType = 1;
			remoteGlobalIDString = AE3210871F8532E800893D28;
			remoteInfo = NerdJokes;
		};
/* End PBXContainerItemProxy section */

/* Begin PBXFileReference section */
		155FAF761F8EB672000542F2 /* NerdJokesTests.xctest */ = {isa = PBXFileReference; explicitFileType = wrapper.cfbundle; includeInIndex = 0; path = NerdJokesTests.xctest; sourceTree = BUILT_PRODUCTS_DIR; };
		1781A42EA3196FAA86CA59F3 /* Pods-NerdJokes.release.xcconfig */ = {isa = PBXFileReference; includeInIndex = 1; lastKnownFileType = text.xcconfig; name = "Pods-NerdJokes.release.xcconfig"; path = "Pods/Target Support Files/Pods-NerdJokes/Pods-NerdJokes.release.xcconfig"; sourceTree = "<group>"; };
		4890843232BE352181B4E5FD /* Pods-NerdJokesTests.debug.xcconfig */ = {isa = PBXFileReference; includeInIndex = 1; lastKnownFileType = text.xcconfig; name = "Pods-NerdJokesTests.debug.xcconfig"; path = "Pods/Target Support Files/Pods-NerdJokesTests/Pods-NerdJokesTests.debug.xcconfig"; sourceTree = "<group>"; };
		5705C0E7DAF23B37F567AB7A /* Pods_NerdJokes.framework */ = {isa = PBXFileReference; explicitFileType = wrapper.framework; includeInIndex = 0; path = Pods_NerdJokes.framework; sourceTree = BUILT_PRODUCTS_DIR; };
		5D5707E2E07B50C469CF75DA /* Pods-NerdJokes.debug.xcconfig */ = {isa = PBXFileReference; includeInIndex = 1; lastKnownFileType = text.xcconfig; name = "Pods-NerdJokes.debug.xcconfig"; path = "Pods/Target Support Files/Pods-NerdJokes/Pods-NerdJokes.debug.xcconfig"; sourceTree = "<group>"; };
		AE3210881F8532E800893D28 /* NerdJokes.app */ = {isa = PBXFileReference; explicitFileType = wrapper.application; includeInIndex = 0; path = NerdJokes.app; sourceTree = BUILT_PRODUCTS_DIR; };
		AE32108B1F8532E800893D28 /* AppDelegate.swift */ = {isa = PBXFileReference; lastKnownFileType = sourcecode.swift; path = AppDelegate.swift; sourceTree = "<group>"; };
		AE3210901F8532E800893D28 /* Base */ = {isa = PBXFileReference; lastKnownFileType = file.storyboard; name = Base; path = Base.lproj/Main.storyboard; sourceTree = "<group>"; };
		AE3210921F8532E800893D28 /* Assets.xcassets */ = {isa = PBXFileReference; lastKnownFileType = folder.assetcatalog; path = Assets.xcassets; sourceTree = "<group>"; };
		AE3210951F8532E800893D28 /* Base */ = {isa = PBXFileReference; lastKnownFileType = file.storyboard; name = Base; path = Base.lproj/LaunchScreen.storyboard; sourceTree = "<group>"; };
		AE3210971F8532E800893D28 /* Info.plist */ = {isa = PBXFileReference; lastKnownFileType = text.plist.xml; path = Info.plist; sourceTree = "<group>"; };
		AEA4485B1FA265FF00F35C08 /* Joke.swift */ = {isa = PBXFileReference; lastKnownFileType = sourcecode.swift; path = Joke.swift; sourceTree = "<group>"; };
		AEA4485D1FA281C200F35C08 /* Error.swift */ = {isa = PBXFileReference; lastKnownFileType = sourcecode.swift; path = Error.swift; sourceTree = "<group>"; };
		AEA4485F1FA2851D00F35C08 /* JokeAPIManager.swift */ = {isa = PBXFileReference; lastKnownFileType = sourcecode.swift; path = JokeAPIManager.swift; sourceTree = "<group>"; };
		AEECC0641FA2491E00FB0885 /* ViewController.swift */ = {isa = PBXFileReference; lastKnownFileType = sourcecode.swift; path = ViewController.swift; sourceTree = "<group>"; };
		AEECC0661FA24C3E00FB0885 /* JokeRouter.swift */ = {isa = PBXFileReference; lastKnownFileType = sourcecode.swift; path = JokeRouter.swift; sourceTree = "<group>"; };
		CE4853833A26D92F4C554260 /* Pods_NerdJokesTests.framework */ = {isa = PBXFileReference; explicitFileType = wrapper.framework; includeInIndex = 0; path = Pods_NerdJokesTests.framework; sourceTree = BUILT_PRODUCTS_DIR; };
		DA3A1636027E2C48D89851B6 /* Pods-NerdJokesTests.release.xcconfig */ = {isa = PBXFileReference; includeInIndex = 1; lastKnownFileType = text.xcconfig; name = "Pods-NerdJokesTests.release.xcconfig"; path = "Pods/Target Support Files/Pods-NerdJokesTests/Pods-NerdJokesTests.release.xcconfig"; sourceTree = "<group>"; };
/* End PBXFileReference section */

/* Begin PBXFrameworksBuildPhase section */
		155FAF731F8EB672000542F2 /* Frameworks */ = {
			isa = PBXFrameworksBuildPhase;
			buildActionMask = 2147483647;
			files = (
				1F299D7A23D857B99DA2ABC7 /* Pods_NerdJokesTests.framework in Frameworks */,
			);
			runOnlyForDeploymentPostprocessing = 0;
		};
		AE3210851F8532E800893D28 /* Frameworks */ = {
			isa = PBXFrameworksBuildPhase;
			buildActionMask = 2147483647;
			files = (
				2637BD0DDE93BD7686FB5D43 /* Pods_NerdJokes.framework in Frameworks */,
			);
			runOnlyForDeploymentPostprocessing = 0;
		};
/* End PBXFrameworksBuildPhase section */

/* Begin PBXGroup section */
		10EDAD41C75CB5DA0939ECE2 /* Pods */ = {
			isa = PBXGroup;
			children = (
				5D5707E2E07B50C469CF75DA /* Pods-NerdJokes.debug.xcconfig */,
				1781A42EA3196FAA86CA59F3 /* Pods-NerdJokes.release.xcconfig */,
				4890843232BE352181B4E5FD /* Pods-NerdJokesTests.debug.xcconfig */,
				DA3A1636027E2C48D89851B6 /* Pods-NerdJokesTests.release.xcconfig */,
			);
			name = Pods;
			sourceTree = "<group>";
		};
		694DDD66B110E439B0A74A77 /* Frameworks */ = {
			isa = PBXGroup;
			children = (
				5705C0E7DAF23B37F567AB7A /* Pods_NerdJokes.framework */,
				CE4853833A26D92F4C554260 /* Pods_NerdJokesTests.framework */,
			);
			name = Frameworks;
			sourceTree = "<group>";
		};
		AE32107F1F8532E800893D28 = {
			isa = PBXGroup;
			children = (
				AEA4485F1FA2851D00F35C08 /* JokeAPIManager.swift */,
				694DDD66B110E439B0A74A77 /* Frameworks */,
				AE32108A1F8532E800893D28 /* NerdJokes */,
				10EDAD41C75CB5DA0939ECE2 /* Pods */,
				AE3210891F8532E800893D28 /* Products */,
			);
			sourceTree = "<group>";
		};
		AE3210891F8532E800893D28 /* Products */ = {
			isa = PBXGroup;
			children = (
				AE3210881F8532E800893D28 /* NerdJokes.app */,
				155FAF761F8EB672000542F2 /* NerdJokesTests.xctest */,
			);
			name = Products;
			sourceTree = "<group>";
		};
		AE32108A1F8532E800893D28 /* NerdJokes */ = {
			isa = PBXGroup;
			children = (
				AE32108B1F8532E800893D28 /* AppDelegate.swift */,
				AE3210921F8532E800893D28 /* Assets.xcassets */,
				AE3210971F8532E800893D28 /* Info.plist */,
				AEECC0661FA24C3E00FB0885 /* JokeRouter.swift */,
				AE3210941F8532E800893D28 /* LaunchScreen.storyboard */,
				AE32108F1F8532E800893D28 /* Main.storyboard */,
				AEECC0641FA2491E00FB0885 /* ViewController.swift */,
				AEA4485B1FA265FF00F35C08 /* Joke.swift */,
				AEA4485D1FA281C200F35C08 /* Error.swift */,
			);
			path = NerdJokes;
			sourceTree = "<group>";
		};
/* End PBXGroup section */

/* Begin PBXNativeTarget section */
		155FAF751F8EB672000542F2 /* NerdJokesTests */ = {
			isa = PBXNativeTarget;
			buildConfigurationList = 155FAF7D1F8EB672000542F2 /* Build configuration list for PBXNativeTarget "NerdJokesTests" */;
			buildPhases = (
				2DF2E42F25333AF0B5772321 /* [CP] Check Pods Manifest.lock */,
				155FAF721F8EB672000542F2 /* Sources */,
				155FAF731F8EB672000542F2 /* Frameworks */,
				155FAF741F8EB672000542F2 /* Resources */,
				4F767DF6284DAFFE071AB745 /* [CP] Embed Pods Frameworks */,
				4157D0A50FCF997AA3E9ED7C /* [CP] Copy Pods Resources */,
			);
			buildRules = (
			);
			dependencies = (
				155FAF7C1F8EB672000542F2 /* PBXTargetDependency */,
			);
			name = NerdJokesTests;
			productName = NerdJokesTests;
			productReference = 155FAF761F8EB672000542F2 /* NerdJokesTests.xctest */;
			productType = "com.apple.product-type.bundle.unit-test";
		};
		AE3210871F8532E800893D28 /* NerdJokes */ = {
			isa = PBXNativeTarget;
			buildConfigurationList = AE32109A1F8532E800893D28 /* Build configuration list for PBXNativeTarget "NerdJokes" */;
			buildPhases = (
				FCC40DCE2F7B70D744DBF23A /* [CP] Check Pods Manifest.lock */,
				AE3210841F8532E800893D28 /* Sources */,
				AE3210851F8532E800893D28 /* Frameworks */,
				AE3210861F8532E800893D28 /* Resources */,
				FF64C22D64B5AD46E7E340C9 /* [CP] Embed Pods Frameworks */,
				D913D05EF6E568E64CC75996 /* [CP] Copy Pods Resources */,
			);
			buildRules = (
			);
			dependencies = (
			);
			name = NerdJokes;
			productName = NerdJokes;
			productReference = AE3210881F8532E800893D28 /* NerdJokes.app */;
			productType = "com.apple.product-type.application";
		};
/* End PBXNativeTarget section */

/* Begin PBXProject section */
		AE3210801F8532E800893D28 /* Project object */ = {
			isa = PBXProject;
			attributes = {
				LastSwiftUpdateCheck = 0900;
				LastUpgradeCheck = 0900;
				ORGANIZATIONNAME = "Id Raja";
				TargetAttributes = {
					155FAF751F8EB672000542F2 = {
						CreatedOnToolsVersion = 9.0;
						ProvisioningStyle = Automatic;
						TestTargetID = AE3210871F8532E800893D28;
					};
					AE3210871F8532E800893D28 = {
						CreatedOnToolsVersion = 8.3.3;
						DevelopmentTeam = 95TF88E9V3;
						LastSwiftMigration = 0900;
						ProvisioningStyle = Automatic;
					};
				};
			};
			buildConfigurationList = AE3210831F8532E800893D28 /* Build configuration list for PBXProject "NerdJokes" */;
			compatibilityVersion = "Xcode 3.2";
			developmentRegion = English;
			hasScannedForEncodings = 0;
			knownRegions = (
				en,
				Base,
			);
			mainGroup = AE32107F1F8532E800893D28;
			productRefGroup = AE3210891F8532E800893D28 /* Products */;
			projectDirPath = "";
			projectRoot = "";
			targets = (
				AE3210871F8532E800893D28 /* NerdJokes */,
				155FAF751F8EB672000542F2 /* NerdJokesTests */,
			);
		};
/* End PBXProject section */

/* Begin PBXResourcesBuildPhase section */
		155FAF741F8EB672000542F2 /* Resources */ = {
			isa = PBXResourcesBuildPhase;
			buildActionMask = 2147483647;
			files = (
			);
			runOnlyForDeploymentPostprocessing = 0;
		};
		AE3210861F8532E800893D28 /* Resources */ = {
			isa = PBXResourcesBuildPhase;
			buildActionMask = 2147483647;
			files = (
				AE3210961F8532E800893D28 /* LaunchScreen.storyboard in Resources */,
				AE3210931F8532E800893D28 /* Assets.xcassets in Resources */,
				AE3210911F8532E800893D28 /* Main.storyboard in Resources */,
			);
			runOnlyForDeploymentPostprocessing = 0;
		};
/* End PBXResourcesBuildPhase section */

/* Begin PBXShellScriptBuildPhase section */
		2DF2E42F25333AF0B5772321 /* [CP] Check Pods Manifest.lock */ = {
			isa = PBXShellScriptBuildPhase;
			buildActionMask = 2147483647;
			files = (
			);
			inputPaths = (
			);
			name = "[CP] Check Pods Manifest.lock";
			outputPaths = (
			);
			runOnlyForDeploymentPostprocessing = 0;
			shellPath = /bin/sh;
			shellScript = "diff \"${PODS_ROOT}/../Podfile.lock\" \"${PODS_ROOT}/Manifest.lock\" > /dev/null\nif [ $? != 0 ] ; then\n    # print error to STDERR\n    echo \"error: The sandbox is not in sync with the Podfile.lock. Run 'pod install' or update your CocoaPods installation.\" >&2\n    exit 1\nfi\n";
			showEnvVarsInLog = 0;
		};
		4157D0A50FCF997AA3E9ED7C /* [CP] Copy Pods Resources */ = {
			isa = PBXShellScriptBuildPhase;
			buildActionMask = 2147483647;
			files = (
			);
			inputPaths = (
			);
			name = "[CP] Copy Pods Resources";
			outputPaths = (
			);
			runOnlyForDeploymentPostprocessing = 0;
			shellPath = /bin/sh;
			shellScript = "\"${SRCROOT}/Pods/Target Support Files/Pods-NerdJokesTests/Pods-NerdJokesTests-resources.sh\"\n";
			showEnvVarsInLog = 0;
		};
		4F767DF6284DAFFE071AB745 /* [CP] Embed Pods Frameworks */ = {
			isa = PBXShellScriptBuildPhase;
			buildActionMask = 2147483647;
			files = (
			);
			inputPaths = (
			);
			name = "[CP] Embed Pods Frameworks";
			outputPaths = (
			);
			runOnlyForDeploymentPostprocessing = 0;
			shellPath = /bin/sh;
			shellScript = "\"${SRCROOT}/Pods/Target Support Files/Pods-NerdJokesTests/Pods-NerdJokesTests-frameworks.sh\"\n";
			showEnvVarsInLog = 0;
		};
		D913D05EF6E568E64CC75996 /* [CP] Copy Pods Resources */ = {
			isa = PBXShellScriptBuildPhase;
			buildActionMask = 2147483647;
			files = (
			);
			inputPaths = (
			);
			name = "[CP] Copy Pods Resources";
			outputPaths = (
			);
			runOnlyForDeploymentPostprocessing = 0;
			shellPath = /bin/sh;
			shellScript = "\"${SRCROOT}/Pods/Target Support Files/Pods-NerdJokes/Pods-NerdJokes-resources.sh\"\n";
			showEnvVarsInLog = 0;
		};
		FCC40DCE2F7B70D744DBF23A /* [CP] Check Pods Manifest.lock */ = {
			isa = PBXShellScriptBuildPhase;
			buildActionMask = 2147483647;
			files = (
			);
			inputPaths = (
			);
			name = "[CP] Check Pods Manifest.lock";
			outputPaths = (
			);
			runOnlyForDeploymentPostprocessing = 0;
			shellPath = /bin/sh;
			shellScript = "diff \"${PODS_ROOT}/../Podfile.lock\" \"${PODS_ROOT}/Manifest.lock\" > /dev/null\nif [ $? != 0 ] ; then\n    # print error to STDERR\n    echo \"error: The sandbox is not in sync with the Podfile.lock. Run 'pod install' or update your CocoaPods installation.\" >&2\n    exit 1\nfi\n";
			showEnvVarsInLog = 0;
		};
		FF64C22D64B5AD46E7E340C9 /* [CP] Embed Pods Frameworks */ = {
			isa = PBXShellScriptBuildPhase;
			buildActionMask = 2147483647;
			files = (
			);
			inputPaths = (
			);
			name = "[CP] Embed Pods Frameworks";
			outputPaths = (
			);
			runOnlyForDeploymentPostprocessing = 0;
			shellPath = /bin/sh;
			shellScript = "\"${SRCROOT}/Pods/Target Support Files/Pods-NerdJokes/Pods-NerdJokes-frameworks.sh\"\n";
			showEnvVarsInLog = 0;
		};
/* End PBXShellScriptBuildPhase section */

/* Begin PBXSourcesBuildPhase section */
		155FAF721F8EB672000542F2 /* Sources */ = {
			isa = PBXSourcesBuildPhase;
			buildActionMask = 2147483647;
			files = (
			);
			runOnlyForDeploymentPostprocessing = 0;
		};
		AE3210841F8532E800893D28 /* Sources */ = {
			isa = PBXSourcesBuildPhase;
			buildActionMask = 2147483647;
			files = (
				AEECC0651FA2491E00FB0885 /* ViewController.swift in Sources */,
				AEA448601FA2851D00F35C08 /* JokeAPIManager.swift in Sources */,
				AE32108C1F8532E800893D28 /* AppDelegate.swift in Sources */,
				AEA4485C1FA265FF00F35C08 /* Joke.swift in Sources */,
				AEA4485E1FA281C200F35C08 /* Error.swift in Sources */,
				AEECC0671FA24C3E00FB0885 /* JokeRouter.swift in Sources */,
			);
			runOnlyForDeploymentPostprocessing = 0;
		};
/* End PBXSourcesBuildPhase section */

/* Begin PBXTargetDependency section */
		155FAF7C1F8EB672000542F2 /* PBXTargetDependency */ = {
			isa = PBXTargetDependency;
			target = AE3210871F8532E800893D28 /* NerdJokes */;
			targetProxy = 155FAF7B1F8EB672000542F2 /* PBXContainerItemProxy */;
		};
/* End PBXTargetDependency section */

/* Begin PBXVariantGroup section */
		AE32108F1F8532E800893D28 /* Main.storyboard */ = {
			isa = PBXVariantGroup;
			children = (
				AE3210901F8532E800893D28 /* Base */,
			);
			name = Main.storyboard;
			path = .;
			sourceTree = "<group>";
		};
		AE3210941F8532E800893D28 /* LaunchScreen.storyboard */ = {
			isa = PBXVariantGroup;
			children = (
				AE3210951F8532E800893D28 /* Base */,
			);
			name = LaunchScreen.storyboard;
			path = .;
			sourceTree = "<group>";
		};
/* End PBXVariantGroup section */

/* Begin XCBuildConfiguration section */
		155FAF7E1F8EB672000542F2 /* Debug */ = {
			isa = XCBuildConfiguration;
			baseConfigurationReference = 4890843232BE352181B4E5FD /* Pods-NerdJokesTests.debug.xcconfig */;
			buildSettings = {
				BUNDLE_LOADER = "$(TEST_HOST)";
				CLANG_CXX_LANGUAGE_STANDARD = "gnu++14";
				CLANG_WARN_UNGUARDED_AVAILABILITY = YES_AGGRESSIVE;
				CODE_SIGN_IDENTITY = "iPhone Developer";
				CODE_SIGN_STYLE = Automatic;
				GCC_C_LANGUAGE_STANDARD = gnu11;
				INFOPLIST_FILE = NerdJokesTests/Info.plist;
				IPHONEOS_DEPLOYMENT_TARGET = 11.0;
				LD_RUNPATH_SEARCH_PATHS = "$(inherited) @executable_path/Frameworks @loader_path/Frameworks";
				PRODUCT_BUNDLE_IDENTIFIER = com.soundsmitten.NerdJokesTests;
				PRODUCT_NAME = "$(TARGET_NAME)";
				SWIFT_VERSION = 4.0;
				TARGETED_DEVICE_FAMILY = "1,2";
				TEST_HOST = "$(BUILT_PRODUCTS_DIR)/NerdJokes.app/NerdJokes";
			};
			name = Debug;
		};
		155FAF7F1F8EB672000542F2 /* Release */ = {
			isa = XCBuildConfiguration;
			baseConfigurationReference = DA3A1636027E2C48D89851B6 /* Pods-NerdJokesTests.release.xcconfig */;
			buildSettings = {
				BUNDLE_LOADER = "$(TEST_HOST)";
				CLANG_CXX_LANGUAGE_STANDARD = "gnu++14";
				CLANG_WARN_UNGUARDED_AVAILABILITY = YES_AGGRESSIVE;
				CODE_SIGN_IDENTITY = "iPhone Developer";
				CODE_SIGN_STYLE = Automatic;
				GCC_C_LANGUAGE_STANDARD = gnu11;
				INFOPLIST_FILE = NerdJokesTests/Info.plist;
				IPHONEOS_DEPLOYMENT_TARGET = 11.0;
				LD_RUNPATH_SEARCH_PATHS = "$(inherited) @executable_path/Frameworks @loader_path/Frameworks";
				PRODUCT_BUNDLE_IDENTIFIER = com.soundsmitten.NerdJokesTests;
				PRODUCT_NAME = "$(TARGET_NAME)";
				SWIFT_VERSION = 4.0;
				TARGETED_DEVICE_FAMILY = "1,2";
				TEST_HOST = "$(BUILT_PRODUCTS_DIR)/NerdJokes.app/NerdJokes";
			};
			name = Release;
		};
		AE3210981F8532E800893D28 /* Debug */ = {
			isa = XCBuildConfiguration;
			buildSettings = {
				ALWAYS_SEARCH_USER_PATHS = NO;
				CLANG_ANALYZER_NONNULL = YES;
				CLANG_ANALYZER_NUMBER_OBJECT_CONVERSION = YES_AGGRESSIVE;
				CLANG_CXX_LANGUAGE_STANDARD = "gnu++0x";
				CLANG_CXX_LIBRARY = "libc++";
				CLANG_ENABLE_MODULES = YES;
				CLANG_ENABLE_OBJC_ARC = YES;
				CLANG_WARN_BLOCK_CAPTURE_AUTORELEASING = YES;
				CLANG_WARN_BOOL_CONVERSION = YES;
				CLANG_WARN_COMMA = YES;
				CLANG_WARN_CONSTANT_CONVERSION = YES;
				CLANG_WARN_DIRECT_OBJC_ISA_USAGE = YES_ERROR;
				CLANG_WARN_DOCUMENTATION_COMMENTS = YES;
				CLANG_WARN_EMPTY_BODY = YES;
				CLANG_WARN_ENUM_CONVERSION = YES;
				CLANG_WARN_INFINITE_RECURSION = YES;
				CLANG_WARN_INT_CONVERSION = YES;
				CLANG_WARN_NON_LITERAL_NULL_CONVERSION = YES;
				CLANG_WARN_OBJC_LITERAL_CONVERSION = YES;
				CLANG_WARN_OBJC_ROOT_CLASS = YES_ERROR;
				CLANG_WARN_RANGE_LOOP_ANALYSIS = YES;
				CLANG_WARN_STRICT_PROTOTYPES = YES;
				CLANG_WARN_SUSPICIOUS_MOVE = YES;
				CLANG_WARN_UNREACHABLE_CODE = YES;
				CLANG_WARN__DUPLICATE_METHOD_MATCH = YES;
				"CODE_SIGN_IDENTITY[sdk=iphoneos*]" = "iPhone Developer";
				COPY_PHASE_STRIP = NO;
				DEBUG_INFORMATION_FORMAT = dwarf;
				ENABLE_STRICT_OBJC_MSGSEND = YES;
				ENABLE_TESTABILITY = YES;
				GCC_C_LANGUAGE_STANDARD = gnu99;
				GCC_DYNAMIC_NO_PIC = NO;
				GCC_NO_COMMON_BLOCKS = YES;
				GCC_OPTIMIZATION_LEVEL = 0;
				GCC_PREPROCESSOR_DEFINITIONS = (
					"DEBUG=1",
					"$(inherited)",
				);
				GCC_WARN_64_TO_32_BIT_CONVERSION = YES;
				GCC_WARN_ABOUT_RETURN_TYPE = YES_ERROR;
				GCC_WARN_UNDECLARED_SELECTOR = YES;
				GCC_WARN_UNINITIALIZED_AUTOS = YES_AGGRESSIVE;
				GCC_WARN_UNUSED_FUNCTION = YES;
				GCC_WARN_UNUSED_VARIABLE = YES;
				IPHONEOS_DEPLOYMENT_TARGET = 10.3;
				MTL_ENABLE_DEBUG_INFO = YES;
				ONLY_ACTIVE_ARCH = YES;
				SDKROOT = iphoneos;
				SWIFT_ACTIVE_COMPILATION_CONDITIONS = DEBUG;
				SWIFT_OPTIMIZATION_LEVEL = "-Onone";
				TARGETED_DEVICE_FAMILY = "1,2";
			};
			name = Debug;
		};
		AE3210991F8532E800893D28 /* Release */ = {
			isa = XCBuildConfiguration;
			buildSettings = {
				ALWAYS_SEARCH_USER_PATHS = NO;
				CLANG_ANALYZER_NONNULL = YES;
				CLANG_ANALYZER_NUMBER_OBJECT_CONVERSION = YES_AGGRESSIVE;
				CLANG_CXX_LANGUAGE_STANDARD = "gnu++0x";
				CLANG_CXX_LIBRARY = "libc++";
				CLANG_ENABLE_MODULES = YES;
				CLANG_ENABLE_OBJC_ARC = YES;
				CLANG_WARN_BLOCK_CAPTURE_AUTORELEASING = YES;
				CLANG_WARN_BOOL_CONVERSION = YES;
				CLANG_WARN_COMMA = YES;
				CLANG_WARN_CONSTANT_CONVERSION = YES;
				CLANG_WARN_DIRECT_OBJC_ISA_USAGE = YES_ERROR;
				CLANG_WARN_DOCUMENTATION_COMMENTS = YES;
				CLANG_WARN_EMPTY_BODY = YES;
				CLANG_WARN_ENUM_CONVERSION = YES;
				CLANG_WARN_INFINITE_RECURSION = YES;
				CLANG_WARN_INT_CONVERSION = YES;
				CLANG_WARN_NON_LITERAL_NULL_CONVERSION = YES;
				CLANG_WARN_OBJC_LITERAL_CONVERSION = YES;
				CLANG_WARN_OBJC_ROOT_CLASS = YES_ERROR;
				CLANG_WARN_RANGE_LOOP_ANALYSIS = YES;
				CLANG_WARN_STRICT_PROTOTYPES = YES;
				CLANG_WARN_SUSPICIOUS_MOVE = YES;
				CLANG_WARN_UNREACHABLE_CODE = YES;
				CLANG_WARN__DUPLICATE_METHOD_MATCH = YES;
				"CODE_SIGN_IDENTITY[sdk=iphoneos*]" = "iPhone Developer";
				COPY_PHASE_STRIP = NO;
				DEBUG_INFORMATION_FORMAT = "dwarf-with-dsym";
				ENABLE_NS_ASSERTIONS = NO;
				ENABLE_STRICT_OBJC_MSGSEND = YES;
				GCC_C_LANGUAGE_STANDARD = gnu99;
				GCC_NO_COMMON_BLOCKS = YES;
				GCC_WARN_64_TO_32_BIT_CONVERSION = YES;
				GCC_WARN_ABOUT_RETURN_TYPE = YES_ERROR;
				GCC_WARN_UNDECLARED_SELECTOR = YES;
				GCC_WARN_UNINITIALIZED_AUTOS = YES_AGGRESSIVE;
				GCC_WARN_UNUSED_FUNCTION = YES;
				GCC_WARN_UNUSED_VARIABLE = YES;
				IPHONEOS_DEPLOYMENT_TARGET = 10.3;
				MTL_ENABLE_DEBUG_INFO = NO;
				SDKROOT = iphoneos;
				SWIFT_OPTIMIZATION_LEVEL = "-Owholemodule";
				TARGETED_DEVICE_FAMILY = "1,2";
				VALIDATE_PRODUCT = YES;
			};
			name = Release;
		};
		AE32109B1F8532E800893D28 /* Debug */ = {
			isa = XCBuildConfiguration;
			baseConfigurationReference = 5D5707E2E07B50C469CF75DA /* Pods-NerdJokes.debug.xcconfig */;
			buildSettings = {
				ASSETCATALOG_COMPILER_APPICON_NAME = AppIcon;
				DEVELOPMENT_TEAM = 95TF88E9V3;
				INFOPLIST_FILE = NerdJokes/Info.plist;
				LD_RUNPATH_SEARCH_PATHS = "$(inherited) @executable_path/Frameworks";
				PRODUCT_BUNDLE_IDENTIFIER = com.nerdery.com.NerdJokes;
				PRODUCT_NAME = "$(TARGET_NAME)";
				SWIFT_VERSION = 4.0;
			};
			name = Debug;
		};
		AE32109C1F8532E800893D28 /* Release */ = {
			isa = XCBuildConfiguration;
			baseConfigurationReference = 1781A42EA3196FAA86CA59F3 /* Pods-NerdJokes.release.xcconfig */;
			buildSettings = {
				ASSETCATALOG_COMPILER_APPICON_NAME = AppIcon;
				DEVELOPMENT_TEAM = 95TF88E9V3;
				INFOPLIST_FILE = NerdJokes/Info.plist;
				LD_RUNPATH_SEARCH_PATHS = "$(inherited) @executable_path/Frameworks";
				PRODUCT_BUNDLE_IDENTIFIER = com.nerdery.com.NerdJokes;
				PRODUCT_NAME = "$(TARGET_NAME)";
				SWIFT_VERSION = 4.0;
			};
			name = Release;
		};
/* End XCBuildConfiguration section */

/* Begin XCConfigurationList section */
		155FAF7D1F8EB672000542F2 /* Build configuration list for PBXNativeTarget "NerdJokesTests" */ = {
			isa = XCConfigurationList;
			buildConfigurations = (
				155FAF7E1F8EB672000542F2 /* Debug */,
				155FAF7F1F8EB672000542F2 /* Release */,
			);
			defaultConfigurationIsVisible = 0;
			defaultConfigurationName = Release;
		};
		AE3210831F8532E800893D28 /* Build configuration list for PBXProject "NerdJokes" */ = {
			isa = XCConfigurationList;
			buildConfigurations = (
				AE3210981F8532E800893D28 /* Debug */,
				AE3210991F8532E800893D28 /* Release */,
			);
			defaultConfigurationIsVisible = 0;
			defaultConfigurationName = Release;
		};
		AE32109A1F8532E800893D28 /* Build configuration list for PBXNativeTarget "NerdJokes" */ = {
			isa = XCConfigurationList;
			buildConfigurations = (
				AE32109B1F8532E800893D28 /* Debug */,
				AE32109C1F8532E800893D28 /* Release */,
			);
			defaultConfigurationIsVisible = 0;
			defaultConfigurationName = Release;
		};
/* End XCConfigurationList section */
	};
	rootObject = AE3210801F8532E800893D28 /* Project object */;
}
